
Microsoft Visual Studio Solution File, Format Version 12.00
# Visual Studio 2013
VisualStudioVersion = 12.0.21005.1
MinimumVisualStudioVersion = 10.0.40219.1
Project("{FAE04EC0-301F-11D3-BF4B-00C04F79EFBC}") = "APIMATICCalculatorTestcases.PCL", "APIMATICCalculatorTestcases.PCL/APIMATICCalculatorTestcases.PCL.csproj", "{a5aae533-97e6-42a7-afea-7a764875790a}"
EndProject
Project("{FAE04EC0-301F-11D3-BF4B-00C04F79EFBC}") = "APIMATICCalculatorTestcases.Tests", "APIMATICCalculatorTestcases.Tests/APIMATICCalculatorTestcases.Tests.csproj", "{a8ed1ff2-d052-45d1-8600-819eca452682}"
EndProject
Global
    GlobalSection(SolutionConfigurationPlatforms) = preSolution
        Debug|Any CPU = Debug|Any CPU
        Release|Any CPU = Release|Any CPU
    EndGlobalSection
    GlobalSection(ProjectConfigurationPlatforms) = postSolution
        {a5aae533-97e6-42a7-afea-7a764875790a}.Debug|Any CPU.ActiveCfg = Debug|Any CPU
        {a5aae533-97e6-42a7-afea-7a764875790a}.Debug|Any CPU.Build.0 = Debug|Any CPU
        {a5aae533-97e6-42a7-afea-7a764875790a}.Release|Any CPU.ActiveCfg = Release|Any CPU
        {a5aae533-97e6-42a7-afea-7a764875790a}.Release|Any CPU.Build.0 = Release|Any CPU
        {a8ed1ff2-d052-45d1-8600-819eca452682}.Debug|Any CPU.ActiveCfg = Debug|Any CPU
        {a8ed1ff2-d052-45d1-8600-819eca452682}.Debug|Any CPU.Build.0 = Debug|Any CPU
        {a8ed1ff2-d052-45d1-8600-819eca452682}.Release|Any CPU.ActiveCfg = Release|Any CPU
        {a8ed1ff2-d052-45d1-8600-819eca452682}.Release|Any CPU.Build.0 = Release|Any CPU
    EndGlobalSection
    GlobalSection(SolutionProperties) = preSolution
        HideSolutionNode = FALSE
    EndGlobalSection
EndGlobal
